
Microsoft Visual Studio Solution File, Format Version 12.00
# Visual Studio Version 17
VisualStudioVersion = 17.7.34221.43
MinimumVisualStudioVersion = 10.0.40219.1
Project("{FAE04EC0-301F-11D3-BF4B-00C04F79EFBC}") = "MusicMatch", "MusicMatch\MusicMatch.csproj", "{BFFDC20D-788A-42D2-8482-4A26FAEE57E2}"
EndProject
Project("{FAE04EC0-301F-11D3-BF4B-00C04F79EFBC}") = "Model", "Model\Model.csproj", "{C0079021-2297-498C-9C78-A63769FCC264}"
EndProject
Project("{FAE04EC0-301F-11D3-BF4B-00C04F79EFBC}") = "ViewModel", "ViewModel\ViewModel.csproj", "{56C03674-064C-410F-B7E8-E18B1027DCE8}"
EndProject
Global
	GlobalSection(SolutionConfigurationPlatforms) = preSolution
		Debug|Any CPU = Debug|Any CPU
		Release|Any CPU = Release|Any CPU
	EndGlobalSection
	GlobalSection(ProjectConfigurationPlatforms) = postSolution
		{BFFDC20D-788A-42D2-8482-4A26FAEE57E2}.Debug|Any CPU.ActiveCfg = Debug|Any CPU
		{BFFDC20D-788A-42D2-8482-4A26FAEE57E2}.Debug|Any CPU.Build.0 = Debug|Any CPU
		{BFFDC20D-788A-42D2-8482-4A26FAEE57E2}.Release|Any CPU.ActiveCfg = Release|Any CPU
		{BFFDC20D-788A-42D2-8482-4A26FAEE57E2}.Release|Any CPU.Build.0 = Release|Any CPU
		{C0079021-2297-498C-9C78-A63769FCC264}.Debug|Any CPU.ActiveCfg = Debug|Any CPU
		{C0079021-2297-498C-9C78-A63769FCC264}.Debug|Any CPU.Build.0 = Debug|Any CPU
		{C0079021-2297-498C-9C78-A63769FCC264}.Release|Any CPU.ActiveCfg = Release|Any CPU
		{C0079021-2297-498C-9C78-A63769FCC264}.Release|Any CPU.Build.0 = Release|Any CPU
		{56C03674-064C-410F-B7E8-E18B1027DCE8}.Debug|Any CPU.ActiveCfg = Debug|Any CPU
		{56C03674-064C-410F-B7E8-E18B1027DCE8}.Debug|Any CPU.Build.0 = Debug|Any CPU
		{56C03674-064C-410F-B7E8-E18B1027DCE8}.Release|Any CPU.ActiveCfg = Release|Any CPU
		{56C03674-064C-410F-B7E8-E18B1027DCE8}.Release|Any CPU.Build.0 = Release|Any CPU
	EndGlobalSection
	GlobalSection(SolutionProperties) = preSolution
		HideSolutionNode = FALSE
	EndGlobalSection
	GlobalSection(ExtensibilityGlobals) = postSolution
		SolutionGuid = {799E9977-E863-45FE-BAA9-40181B7D380A}
	EndGlobalSection
EndGlobal
